
Microsoft Visual Studio Solution File, Format Version 12.00
# Visual Studio Version 17
VisualStudioVersion = 17.7.34024.191
MinimumVisualStudioVersion = 10.0.40219.1
Project("{FAE04EC0-301F-11D3-BF4B-00C04F79EFBC}") = "CRUDVentas", "CRUDVentas\CRUDVentas.csproj", "{DA917351-F881-442B-8B81-675E223BAA38}"
EndProject
Global
	GlobalSection(SolutionConfigurationPlatforms) = preSolution
		Debug|Any CPU = Debug|Any CPU
		Release|Any CPU = Release|Any CPU
	EndGlobalSection
	GlobalSection(ProjectConfigurationPlatforms) = postSolution
		{DA917351-F881-442B-8B81-675E223BAA38}.Debug|Any CPU.ActiveCfg = Debug|Any CPU
		{DA917351-F881-442B-8B81-675E223BAA38}.Debug|Any CPU.Build.0 = Debug|Any CPU
		{DA917351-F881-442B-8B81-675E223BAA38}.Release|Any CPU.ActiveCfg = Release|Any CPU
		{DA917351-F881-442B-8B81-675E223BAA38}.Release|Any CPU.Build.0 = Release|Any CPU
	EndGlobalSection
	GlobalSection(SolutionProperties) = preSolution
		HideSolutionNode = FALSE
	EndGlobalSection
	GlobalSection(ExtensibilityGlobals) = postSolution
		SolutionGuid = {F21B7780-B118-4A70-BCD6-B2C0F41857D6}
	EndGlobalSection
EndGlobal
